
Microsoft Visual Studio Solution File, Format Version 12.00
# Visual Studio Version 17
VisualStudioVersion = 17.11.35312.102
MinimumVisualStudioVersion = 10.0.40219.1
Project("{8BC9CEB8-8B4A-11D0-8D11-00A0C91BC942}") = "2025 0324-作業三字串與繼承", "2025 0324-作業三字串與繼承\2025 0324-作業三字串與繼承.vcxproj", "{BECAF6F2-1396-46AF-95AB-7522C440E83F}"
EndProject
Project("{8BC9CEB8-8B4A-11D0-8D11-00A0C91BC942}") = "1字串處理", "1字串處理\1字串處理.vcxproj", "{80CE5C39-F179-4C0D-864D-F2F4D7CD4D48}"
EndProject
Project("{8BC9CEB8-8B4A-11D0-8D11-00A0C91BC942}") = "2圓類別衍生圓柱體類別", "2圓類別衍生圓柱體類別\2圓類別衍生圓柱體類別.vcxproj", "{2D46F3F7-C6AA-45A0-850A-12B85A7AFAAD}"
EndProject
Project("{8BC9CEB8-8B4A-11D0-8D11-00A0C91BC942}") = "3機車類別motor", "3機車motor\3機車motor.vcxproj", "{F4EC610F-B213-4D70-869B-DEC5DD8B2C61}"
EndProject
Global
	GlobalSection(SolutionConfigurationPlatforms) = preSolution
		Debug|x64 = Debug|x64
		Debug|x86 = Debug|x86
		Release|x64 = Release|x64
		Release|x86 = Release|x86
	EndGlobalSection
	GlobalSection(ProjectConfigurationPlatforms) = postSolution
		{BECAF6F2-1396-46AF-95AB-7522C440E83F}.Debug|x64.ActiveCfg = Debug|x64
		{BECAF6F2-1396-46AF-95AB-7522C440E83F}.Debug|x64.Build.0 = Debug|x64
		{BECAF6F2-1396-46AF-95AB-7522C440E83F}.Debug|x86.ActiveCfg = Debug|Win32
		{BECAF6F2-1396-46AF-95AB-7522C440E83F}.Debug|x86.Build.0 = Debug|Win32
		{BECAF6F2-1396-46AF-95AB-7522C440E83F}.Release|x64.ActiveCfg = Release|x64
		{BECAF6F2-1396-46AF-95AB-7522C440E83F}.Release|x64.Build.0 = Release|x64
		{BECAF6F2-1396-46AF-95AB-7522C440E83F}.Release|x86.ActiveCfg = Release|Win32
		{BECAF6F2-1396-46AF-95AB-7522C440E83F}.Release|x86.Build.0 = Release|Win32
		{80CE5C39-F179-4C0D-864D-F2F4D7CD4D48}.Debug|x64.ActiveCfg = Debug|x64
		{80CE5C39-F179-4C0D-864D-F2F4D7CD4D48}.Debug|x64.Build.0 = Debug|x64
		{80CE5C39-F179-4C0D-864D-F2F4D7CD4D48}.Debug|x86.ActiveCfg = Debug|Win32
		{80CE5C39-F179-4C0D-864D-F2F4D7CD4D48}.Debug|x86.Build.0 = Debug|Win32
		{80CE5C39-F179-4C0D-864D-F2F4D7CD4D48}.Release|x64.ActiveCfg = Release|x64
		{80CE5C39-F179-4C0D-864D-F2F4D7CD4D48}.Release|x64.Build.0 = Release|x64
		{80CE5C39-F179-4C0D-864D-F2F4D7CD4D48}.Release|x86.ActiveCfg = Release|Win32
		{80CE5C39-F179-4C0D-864D-F2F4D7CD4D48}.Release|x86.Build.0 = Release|Win32
		{2D46F3F7-C6AA-45A0-850A-12B85A7AFAAD}.Debug|x64.ActiveCfg = Debug|x64
		{2D46F3F7-C6AA-45A0-850A-12B85A7AFAAD}.Debug|x64.Build.0 = Debug|x64
		{2D46F3F7-C6AA-45A0-850A-12B85A7AFAAD}.Debug|x86.ActiveCfg = Debug|Win32
		{2D46F3F7-C6AA-45A0-850A-12B85A7AFAAD}.Debug|x86.Build.0 = Debug|Win32
		{2D46F3F7-C6AA-45A0-850A-12B85A7AFAAD}.Release|x64.ActiveCfg = Release|x64
		{2D46F3F7-C6AA-45A0-850A-12B85A7AFAAD}.Release|x64.Build.0 = Release|x64
		{2D46F3F7-C6AA-45A0-850A-12B85A7AFAAD}.Release|x86.ActiveCfg = Release|Win32
		{2D46F3F7-C6AA-45A0-850A-12B85A7AFAAD}.Release|x86.Build.0 = Release|Win32
		{F4EC610F-B213-4D70-869B-DEC5DD8B2C61}.Debug|x64.ActiveCfg = Debug|x64
		{F4EC610F-B213-4D70-869B-DEC5DD8B2C61}.Debug|x64.Build.0 = Debug|x64
		{F4EC610F-B213-4D70-869B-DEC5DD8B2C61}.Debug|x86.ActiveCfg = Debug|Win32
		{F4EC610F-B213-4D70-869B-DEC5DD8B2C61}.Debug|x86.Build.0 = Debug|Win32
		{F4EC610F-B213-4D70-869B-DEC5DD8B2C61}.Release|x64.ActiveCfg = Release|x64
		{F4EC610F-B213-4D70-869B-DEC5DD8B2C61}.Release|x64.Build.0 = Release|x64
		{F4EC610F-B213-4D70-869B-DEC5DD8B2C61}.Release|x86.ActiveCfg = Release|Win32
		{F4EC610F-B213-4D70-869B-DEC5DD8B2C61}.Release|x86.Build.0 = Release|Win32
	EndGlobalSection
	GlobalSection(SolutionProperties) = preSolution
		HideSolutionNode = FALSE
	EndGlobalSection
	GlobalSection(ExtensibilityGlobals) = postSolution
		SolutionGuid = {D2E816CF-021B-4BFF-BCAB-3699B4C6182E}
	EndGlobalSection
EndGlobal
