
Microsoft Visual Studio Solution File, Format Version 12.00
# Visual Studio Version 17
VisualStudioVersion = 17.11.35312.102
MinimumVisualStudioVersion = 10.0.40219.1
Project("{8BC9CEB8-8B4A-11D0-8D11-00A0C91BC942}") = "2025 0307測試", "2025 0307測試\2025 0307測試.vcxproj", "{AAF89860-35EB-4E25-BF31-2560AC68EBF7}"
EndProject
Global
	GlobalSection(SolutionConfigurationPlatforms) = preSolution
		Debug|x64 = Debug|x64
		Debug|x86 = Debug|x86
		Release|x64 = Release|x64
		Release|x86 = Release|x86
	EndGlobalSection
	GlobalSection(ProjectConfigurationPlatforms) = postSolution
		{AAF89860-35EB-4E25-BF31-2560AC68EBF7}.Debug|x64.ActiveCfg = Debug|x64
		{AAF89860-35EB-4E25-BF31-2560AC68EBF7}.Debug|x64.Build.0 = Debug|x64
		{AAF89860-35EB-4E25-BF31-2560AC68EBF7}.Debug|x86.ActiveCfg = Debug|Win32
		{AAF89860-35EB-4E25-BF31-2560AC68EBF7}.Debug|x86.Build.0 = Debug|Win32
		{AAF89860-35EB-4E25-BF31-2560AC68EBF7}.Release|x64.ActiveCfg = Release|x64
		{AAF89860-35EB-4E25-BF31-2560AC68EBF7}.Release|x64.Build.0 = Release|x64
		{AAF89860-35EB-4E25-BF31-2560AC68EBF7}.Release|x86.ActiveCfg = Release|Win32
		{AAF89860-35EB-4E25-BF31-2560AC68EBF7}.Release|x86.Build.0 = Release|Win32
	EndGlobalSection
	GlobalSection(SolutionProperties) = preSolution
		HideSolutionNode = FALSE
	EndGlobalSection
	GlobalSection(ExtensibilityGlobals) = postSolution
		SolutionGuid = {8E951DD4-0620-4F1F-B1CE-DE650C914544}
	EndGlobalSection
EndGlobal
