
Microsoft Visual Studio Solution File, Format Version 12.00
# Visual Studio Version 17
VisualStudioVersion = 17.11.35312.102
MinimumVisualStudioVersion = 10.0.40219.1
Project("{8BC9CEB8-8B4A-11D0-8D11-00A0C91BC942}") = "測試", "測試\測試.vcxproj", "{2C6D844A-3C3E-4800-AF4A-2CBDC156A194}"
EndProject
Global
	GlobalSection(SolutionConfigurationPlatforms) = preSolution
		Debug|x64 = Debug|x64
		Debug|x86 = Debug|x86
		Release|x64 = Release|x64
		Release|x86 = Release|x86
	EndGlobalSection
	GlobalSection(ProjectConfigurationPlatforms) = postSolution
		{2C6D844A-3C3E-4800-AF4A-2CBDC156A194}.Debug|x64.ActiveCfg = Debug|x64
		{2C6D844A-3C3E-4800-AF4A-2CBDC156A194}.Debug|x64.Build.0 = Debug|x64
		{2C6D844A-3C3E-4800-AF4A-2CBDC156A194}.Debug|x86.ActiveCfg = Debug|Win32
		{2C6D844A-3C3E-4800-AF4A-2CBDC156A194}.Debug|x86.Build.0 = Debug|Win32
		{2C6D844A-3C3E-4800-AF4A-2CBDC156A194}.Release|x64.ActiveCfg = Release|x64
		{2C6D844A-3C3E-4800-AF4A-2CBDC156A194}.Release|x64.Build.0 = Release|x64
		{2C6D844A-3C3E-4800-AF4A-2CBDC156A194}.Release|x86.ActiveCfg = Release|Win32
		{2C6D844A-3C3E-4800-AF4A-2CBDC156A194}.Release|x86.Build.0 = Release|Win32
	EndGlobalSection
	GlobalSection(SolutionProperties) = preSolution
		HideSolutionNode = FALSE
	EndGlobalSection
	GlobalSection(ExtensibilityGlobals) = postSolution
		SolutionGuid = {9D15FB99-4320-44C0-B801-65010A77D60C}
	EndGlobalSection
EndGlobal
